
Microsoft Visual Studio Solution File, Format Version 12.00
Project("{FAE04EC0-301F-11D3-BF4B-00C04F79EFBC}") = "InfoEducatie.Main", "InfoEducatie.Main\InfoEducatie.Main.csproj", "{10324B1A-48B5-4D59-B2BF-CF1588496320}"
EndProject
Project("{2150E333-8FDC-42A3-9474-1A3956D46DE8}") = "MCMS", "MCMS", "{EB26BB34-6153-48E9-9D6C-BB13A50C6A4F}"
EndProject
Project("{FAE04EC0-301F-11D3-BF4B-00C04F79EFBC}") = "MCMS", "MCMS\MCMS\MCMS.csproj", "{6BB00022-666D-4F93-8CE0-4A6459B0A63F}"
EndProject
Project("{FAE04EC0-301F-11D3-BF4B-00C04F79EFBC}") = "MCMS.Base", "MCMS\MCMS.Base\MCMS.Base.csproj", "{8823E9C3-2331-4A26-9159-E11E1C510227}"
EndProject
Project("{FAE04EC0-301F-11D3-BF4B-00C04F79EFBC}") = "MCMS.Common", "MCMS\MCMS.Common\MCMS.Common.csproj", "{62DEE893-B254-4201-8D86-55552FB343AD}"
EndProject
Project("{FAE04EC0-301F-11D3-BF4B-00C04F79EFBC}") = "MCMS.Emailing", "MCMS\MCMS.Emailing\MCMS.Emailing.csproj", "{6A666969-D5EC-432F-A562-F161E388C5FD}"
EndProject
Project("{FAE04EC0-301F-11D3-BF4B-00C04F79EFBC}") = "MCMS.Files", "MCMS\MCMS.Files\MCMS.Files.csproj", "{2F411BBB-650F-487D-8D38-14687418DD4A}"
EndProject
Project("{FAE04EC0-301F-11D3-BF4B-00C04F79EFBC}") = "InfoEducatie.Contest", "InfoEducatie.Contest\InfoEducatie.Contest.csproj", "{E1C7FAA0-DE83-4BE3-9529-DB1E4A29710A}"
EndProject
Global
	GlobalSection(SolutionConfigurationPlatforms) = preSolution
		Debug|Any CPU = Debug|Any CPU
		Release|Any CPU = Release|Any CPU
	EndGlobalSection
	GlobalSection(ProjectConfigurationPlatforms) = postSolution
		{10324B1A-48B5-4D59-B2BF-CF1588496320}.Debug|Any CPU.ActiveCfg = Debug|Any CPU
		{10324B1A-48B5-4D59-B2BF-CF1588496320}.Debug|Any CPU.Build.0 = Debug|Any CPU
		{10324B1A-48B5-4D59-B2BF-CF1588496320}.Release|Any CPU.ActiveCfg = Release|Any CPU
		{10324B1A-48B5-4D59-B2BF-CF1588496320}.Release|Any CPU.Build.0 = Release|Any CPU
		{6BB00022-666D-4F93-8CE0-4A6459B0A63F}.Debug|Any CPU.ActiveCfg = Debug|Any CPU
		{6BB00022-666D-4F93-8CE0-4A6459B0A63F}.Debug|Any CPU.Build.0 = Debug|Any CPU
		{6BB00022-666D-4F93-8CE0-4A6459B0A63F}.Release|Any CPU.ActiveCfg = Release|Any CPU
		{6BB00022-666D-4F93-8CE0-4A6459B0A63F}.Release|Any CPU.Build.0 = Release|Any CPU
		{8823E9C3-2331-4A26-9159-E11E1C510227}.Debug|Any CPU.ActiveCfg = Debug|Any CPU
		{8823E9C3-2331-4A26-9159-E11E1C510227}.Debug|Any CPU.Build.0 = Debug|Any CPU
		{8823E9C3-2331-4A26-9159-E11E1C510227}.Release|Any CPU.ActiveCfg = Release|Any CPU
		{8823E9C3-2331-4A26-9159-E11E1C510227}.Release|Any CPU.Build.0 = Release|Any CPU
		{62DEE893-B254-4201-8D86-55552FB343AD}.Debug|Any CPU.ActiveCfg = Debug|Any CPU
		{62DEE893-B254-4201-8D86-55552FB343AD}.Debug|Any CPU.Build.0 = Debug|Any CPU
		{62DEE893-B254-4201-8D86-55552FB343AD}.Release|Any CPU.ActiveCfg = Release|Any CPU
		{62DEE893-B254-4201-8D86-55552FB343AD}.Release|Any CPU.Build.0 = Release|Any CPU
		{6A666969-D5EC-432F-A562-F161E388C5FD}.Debug|Any CPU.ActiveCfg = Debug|Any CPU
		{6A666969-D5EC-432F-A562-F161E388C5FD}.Debug|Any CPU.Build.0 = Debug|Any CPU
		{6A666969-D5EC-432F-A562-F161E388C5FD}.Release|Any CPU.ActiveCfg = Release|Any CPU
		{6A666969-D5EC-432F-A562-F161E388C5FD}.Release|Any CPU.Build.0 = Release|Any CPU
		{2F411BBB-650F-487D-8D38-14687418DD4A}.Debug|Any CPU.ActiveCfg = Debug|Any CPU
		{2F411BBB-650F-487D-8D38-14687418DD4A}.Debug|Any CPU.Build.0 = Debug|Any CPU
		{2F411BBB-650F-487D-8D38-14687418DD4A}.Release|Any CPU.ActiveCfg = Release|Any CPU
		{2F411BBB-650F-487D-8D38-14687418DD4A}.Release|Any CPU.Build.0 = Release|Any CPU
		{E1C7FAA0-DE83-4BE3-9529-DB1E4A29710A}.Debug|Any CPU.ActiveCfg = Debug|Any CPU
		{E1C7FAA0-DE83-4BE3-9529-DB1E4A29710A}.Debug|Any CPU.Build.0 = Debug|Any CPU
		{E1C7FAA0-DE83-4BE3-9529-DB1E4A29710A}.Release|Any CPU.ActiveCfg = Release|Any CPU
		{E1C7FAA0-DE83-4BE3-9529-DB1E4A29710A}.Release|Any CPU.Build.0 = Release|Any CPU
	EndGlobalSection
	GlobalSection(NestedProjects) = preSolution
		{6BB00022-666D-4F93-8CE0-4A6459B0A63F} = {EB26BB34-6153-48E9-9D6C-BB13A50C6A4F}
		{8823E9C3-2331-4A26-9159-E11E1C510227} = {EB26BB34-6153-48E9-9D6C-BB13A50C6A4F}
		{62DEE893-B254-4201-8D86-55552FB343AD} = {EB26BB34-6153-48E9-9D6C-BB13A50C6A4F}
		{6A666969-D5EC-432F-A562-F161E388C5FD} = {EB26BB34-6153-48E9-9D6C-BB13A50C6A4F}
		{2F411BBB-650F-487D-8D38-14687418DD4A} = {EB26BB34-6153-48E9-9D6C-BB13A50C6A4F}
	EndGlobalSection
EndGlobal
